
Microsoft Visual Studio Solution File, Format Version 12.00
# Visual Studio Version 17
VisualStudioVersion = 17.10.34928.147
MinimumVisualStudioVersion = 10.0.40219.1
Project("{FAE04EC0-301F-11D3-BF4B-00C04F79EFBC}") = "Mongocrud", "Mongocrud\Mongocrud.csproj", "{3345474B-465F-423C-A394-13FEDB44A293}"
EndProject
Global
	GlobalSection(SolutionConfigurationPlatforms) = preSolution
		Debug|Any CPU = Debug|Any CPU
		Release|Any CPU = Release|Any CPU
	EndGlobalSection
	GlobalSection(ProjectConfigurationPlatforms) = postSolution
		{3345474B-465F-423C-A394-13FEDB44A293}.Debug|Any CPU.ActiveCfg = Debug|Any CPU
		{3345474B-465F-423C-A394-13FEDB44A293}.Debug|Any CPU.Build.0 = Debug|Any CPU
		{3345474B-465F-423C-A394-13FEDB44A293}.Release|Any CPU.ActiveCfg = Release|Any CPU
		{3345474B-465F-423C-A394-13FEDB44A293}.Release|Any CPU.Build.0 = Release|Any CPU
	EndGlobalSection
	GlobalSection(SolutionProperties) = preSolution
		HideSolutionNode = FALSE
	EndGlobalSection
	GlobalSection(ExtensibilityGlobals) = postSolution
		SolutionGuid = {D6B7F85B-CFC7-4E94-B312-336D116F039A}
	EndGlobalSection
EndGlobal
